
Microsoft Visual Studio Solution File, Format Version 12.00
# Visual Studio Version 17
VisualStudioVersion = 17.9.34622.214
MinimumVisualStudioVersion = 10.0.40219.1
Project("{9A19103F-16F7-4668-BE54-9A1E7A4F7556}") = "LuftBorn", "LuftBorn\LuftBorn.csproj", "{779DD477-619D-41B2-BE3A-FAAB90E3FEFD}"
EndProject
Project("{9A19103F-16F7-4668-BE54-9A1E7A4F7556}") = "LuftBorn.Application", "LuftBorn.Application\LuftBorn.Application.csproj", "{968E6DFB-D163-4C65-818E-56794DEEB0FB}"
EndProject
Project("{9A19103F-16F7-4668-BE54-9A1E7A4F7556}") = "LuftBorn.Domain", "LuftBorn.Domain\LuftBorn.Domain.csproj", "{4EFF05FD-06D6-433B-B7E5-77C59FC58647}"
EndProject
Project("{9A19103F-16F7-4668-BE54-9A1E7A4F7556}") = "LuftBorn.Infrastructure", "LuftBorn.Infrastructure\LuftBorn.Infrastructure.csproj", "{1CFC91AC-F9BB-4D2F-9879-15E91E7AD64D}"
EndProject
Global
	GlobalSection(SolutionConfigurationPlatforms) = preSolution
		Debug|Any CPU = Debug|Any CPU
		Release|Any CPU = Release|Any CPU
	EndGlobalSection
	GlobalSection(ProjectConfigurationPlatforms) = postSolution
		{779DD477-619D-41B2-BE3A-FAAB90E3FEFD}.Debug|Any CPU.ActiveCfg = Debug|Any CPU
		{779DD477-619D-41B2-BE3A-FAAB90E3FEFD}.Debug|Any CPU.Build.0 = Debug|Any CPU
		{779DD477-619D-41B2-BE3A-FAAB90E3FEFD}.Release|Any CPU.ActiveCfg = Release|Any CPU
		{779DD477-619D-41B2-BE3A-FAAB90E3FEFD}.Release|Any CPU.Build.0 = Release|Any CPU
		{968E6DFB-D163-4C65-818E-56794DEEB0FB}.Debug|Any CPU.ActiveCfg = Debug|Any CPU
		{968E6DFB-D163-4C65-818E-56794DEEB0FB}.Debug|Any CPU.Build.0 = Debug|Any CPU
		{968E6DFB-D163-4C65-818E-56794DEEB0FB}.Release|Any CPU.ActiveCfg = Release|Any CPU
		{968E6DFB-D163-4C65-818E-56794DEEB0FB}.Release|Any CPU.Build.0 = Release|Any CPU
		{4EFF05FD-06D6-433B-B7E5-77C59FC58647}.Debug|Any CPU.ActiveCfg = Debug|Any CPU
		{4EFF05FD-06D6-433B-B7E5-77C59FC58647}.Debug|Any CPU.Build.0 = Debug|Any CPU
		{4EFF05FD-06D6-433B-B7E5-77C59FC58647}.Release|Any CPU.ActiveCfg = Release|Any CPU
		{4EFF05FD-06D6-433B-B7E5-77C59FC58647}.Release|Any CPU.Build.0 = Release|Any CPU
		{1CFC91AC-F9BB-4D2F-9879-15E91E7AD64D}.Debug|Any CPU.ActiveCfg = Debug|Any CPU
		{1CFC91AC-F9BB-4D2F-9879-15E91E7AD64D}.Debug|Any CPU.Build.0 = Debug|Any CPU
		{1CFC91AC-F9BB-4D2F-9879-15E91E7AD64D}.Release|Any CPU.ActiveCfg = Release|Any CPU
		{1CFC91AC-F9BB-4D2F-9879-15E91E7AD64D}.Release|Any CPU.Build.0 = Release|Any CPU
	EndGlobalSection
	GlobalSection(SolutionProperties) = preSolution
		HideSolutionNode = FALSE
	EndGlobalSection
	GlobalSection(ExtensibilityGlobals) = postSolution
		SolutionGuid = {C1EEAB80-DA96-46E7-8F55-7C52AA94240E}
	EndGlobalSection
EndGlobal
